
Microsoft Visual Studio Solution File, Format Version 12.00
# Visual Studio Version 17
VisualStudioVersion = 17.0.31919.166
MinimumVisualStudioVersion = 10.0.40219.1
Project("{9A19103F-16F7-4668-BE54-9A1E7A4F7556}") = "ECMA.APP", "src\FunctionApp\ECMA.APP.csproj", "{12D8091E-4211-4BB1-9F32-6DAC1D78738B}"
EndProject
Project("{2150E333-8FDC-42A3-9474-1A3956D46DE8}") = "src", "src", "{B04229E6-6655-48C6-A06B-D49EB1526C6B}"
EndProject
Project("{2150E333-8FDC-42A3-9474-1A3956D46DE8}") = "FunctionAPP", "FunctionAPP", "{B8451EAF-CCF0-4C0D-B497-0DE19CE3E3C3}"
EndProject
Project("{2150E333-8FDC-42A3-9474-1A3956D46DE8}") = "Database", "Database", "{320D9019-408F-4609-8FA7-20F6E2D8084D}"
EndProject
Project("{2150E333-8FDC-42A3-9474-1A3956D46DE8}") = "cicd", "cicd", "{E13CC0E9-63EC-458C-87F5-225E19D799C2}"
EndProject
Project("{FAE04EC0-301F-11D3-BF4B-00C04F79EFBC}") = "ECMA.Database", "src\Database\ECMA.Database.csproj", "{B4C53AD5-A520-4045-8C5F-E243358DC9C0}"
EndProject
Global
	GlobalSection(SolutionConfigurationPlatforms) = preSolution
		Debug|Any CPU = Debug|Any CPU
		Release|Any CPU = Release|Any CPU
	EndGlobalSection
	GlobalSection(ProjectConfigurationPlatforms) = postSolution
		{12D8091E-4211-4BB1-9F32-6DAC1D78738B}.Debug|Any CPU.ActiveCfg = Debug|Any CPU
		{12D8091E-4211-4BB1-9F32-6DAC1D78738B}.Debug|Any CPU.Build.0 = Debug|Any CPU
		{12D8091E-4211-4BB1-9F32-6DAC1D78738B}.Release|Any CPU.ActiveCfg = Release|Any CPU
		{12D8091E-4211-4BB1-9F32-6DAC1D78738B}.Release|Any CPU.Build.0 = Release|Any CPU
		{B4C53AD5-A520-4045-8C5F-E243358DC9C0}.Debug|Any CPU.ActiveCfg = Debug|Any CPU
		{B4C53AD5-A520-4045-8C5F-E243358DC9C0}.Debug|Any CPU.Build.0 = Debug|Any CPU
		{B4C53AD5-A520-4045-8C5F-E243358DC9C0}.Release|Any CPU.ActiveCfg = Release|Any CPU
		{B4C53AD5-A520-4045-8C5F-E243358DC9C0}.Release|Any CPU.Build.0 = Release|Any CPU
	EndGlobalSection
	GlobalSection(SolutionProperties) = preSolution
		HideSolutionNode = FALSE
	EndGlobalSection
	GlobalSection(NestedProjects) = preSolution
		{12D8091E-4211-4BB1-9F32-6DAC1D78738B} = {B8451EAF-CCF0-4C0D-B497-0DE19CE3E3C3}
		{B8451EAF-CCF0-4C0D-B497-0DE19CE3E3C3} = {B04229E6-6655-48C6-A06B-D49EB1526C6B}
		{320D9019-408F-4609-8FA7-20F6E2D8084D} = {B04229E6-6655-48C6-A06B-D49EB1526C6B}
		{B4C53AD5-A520-4045-8C5F-E243358DC9C0} = {320D9019-408F-4609-8FA7-20F6E2D8084D}
	EndGlobalSection
	GlobalSection(ExtensibilityGlobals) = postSolution
		SolutionGuid = {00EE259A-2A01-4E9F-BD3F-8F5BB67F3D61}
	EndGlobalSection
EndGlobal
